
Microsoft Visual Studio Solution File, Format Version 12.00
# Visual Studio 2012
Project("{FAE04EC0-301F-11D3-BF4B-00C04F79EFBC}") = "AskXhacker", "AskXhacker\AskXhacker.csproj", "{DBBC34F0-5EB9-4C93-895D-D1CF1D646BB5}"
EndProject
Project("{FAE04EC0-301F-11D3-BF4B-00C04F79EFBC}") = "AskXhacker.Droid", "AskXhacker.Droid\AskXhacker.Droid.csproj", "{2F21B5A6-A8CC-4224-BEBA-4914FD235C1B}"
EndProject
Project("{FAE04EC0-301F-11D3-BF4B-00C04F79EFBC}") = "AskXhacker.iOS", "AskXhacker.iOS\AskXhacker.iOS.csproj", "{055037AE-3EA5-44D5-86BA-C11E2DD675E2}"
EndProject
Global
	GlobalSection(SolutionConfigurationPlatforms) = preSolution
		Debug|Any CPU = Debug|Any CPU
		Release|Any CPU = Release|Any CPU
		Debug|iPhoneSimulator = Debug|iPhoneSimulator
		Release|iPhone = Release|iPhone
		Release|iPhoneSimulator = Release|iPhoneSimulator
		Debug|iPhone = Debug|iPhone
	EndGlobalSection
	GlobalSection(ProjectConfigurationPlatforms) = postSolution
		{055037AE-3EA5-44D5-86BA-C11E2DD675E2}.Debug|Any CPU.ActiveCfg = Debug|iPhoneSimulator
		{055037AE-3EA5-44D5-86BA-C11E2DD675E2}.Debug|Any CPU.Build.0 = Debug|iPhoneSimulator
		{055037AE-3EA5-44D5-86BA-C11E2DD675E2}.Debug|iPhone.ActiveCfg = Debug|iPhone
		{055037AE-3EA5-44D5-86BA-C11E2DD675E2}.Debug|iPhone.Build.0 = Debug|iPhone
		{055037AE-3EA5-44D5-86BA-C11E2DD675E2}.Debug|iPhoneSimulator.ActiveCfg = Debug|iPhoneSimulator
		{055037AE-3EA5-44D5-86BA-C11E2DD675E2}.Debug|iPhoneSimulator.Build.0 = Debug|iPhoneSimulator
		{055037AE-3EA5-44D5-86BA-C11E2DD675E2}.Release|Any CPU.ActiveCfg = Release|iPhone
		{055037AE-3EA5-44D5-86BA-C11E2DD675E2}.Release|Any CPU.Build.0 = Release|iPhone
		{055037AE-3EA5-44D5-86BA-C11E2DD675E2}.Release|iPhone.ActiveCfg = Release|iPhone
		{055037AE-3EA5-44D5-86BA-C11E2DD675E2}.Release|iPhone.Build.0 = Release|iPhone
		{055037AE-3EA5-44D5-86BA-C11E2DD675E2}.Release|iPhoneSimulator.ActiveCfg = Release|iPhoneSimulator
		{055037AE-3EA5-44D5-86BA-C11E2DD675E2}.Release|iPhoneSimulator.Build.0 = Release|iPhoneSimulator
		{2F21B5A6-A8CC-4224-BEBA-4914FD235C1B}.Debug|Any CPU.ActiveCfg = Debug|Any CPU
		{2F21B5A6-A8CC-4224-BEBA-4914FD235C1B}.Debug|Any CPU.Build.0 = Debug|Any CPU
		{2F21B5A6-A8CC-4224-BEBA-4914FD235C1B}.Debug|iPhone.ActiveCfg = Debug|Any CPU
		{2F21B5A6-A8CC-4224-BEBA-4914FD235C1B}.Debug|iPhone.Build.0 = Debug|Any CPU
		{2F21B5A6-A8CC-4224-BEBA-4914FD235C1B}.Debug|iPhoneSimulator.ActiveCfg = Debug|Any CPU
		{2F21B5A6-A8CC-4224-BEBA-4914FD235C1B}.Debug|iPhoneSimulator.Build.0 = Debug|Any CPU
		{2F21B5A6-A8CC-4224-BEBA-4914FD235C1B}.Release|Any CPU.ActiveCfg = Release|Any CPU
		{2F21B5A6-A8CC-4224-BEBA-4914FD235C1B}.Release|Any CPU.Build.0 = Release|Any CPU
		{2F21B5A6-A8CC-4224-BEBA-4914FD235C1B}.Release|iPhone.ActiveCfg = Release|Any CPU
		{2F21B5A6-A8CC-4224-BEBA-4914FD235C1B}.Release|iPhone.Build.0 = Release|Any CPU
		{2F21B5A6-A8CC-4224-BEBA-4914FD235C1B}.Release|iPhoneSimulator.ActiveCfg = Release|Any CPU
		{2F21B5A6-A8CC-4224-BEBA-4914FD235C1B}.Release|iPhoneSimulator.Build.0 = Release|Any CPU
		{DBBC34F0-5EB9-4C93-895D-D1CF1D646BB5}.Debug|Any CPU.ActiveCfg = Debug|Any CPU
		{DBBC34F0-5EB9-4C93-895D-D1CF1D646BB5}.Debug|Any CPU.Build.0 = Debug|Any CPU
		{DBBC34F0-5EB9-4C93-895D-D1CF1D646BB5}.Debug|iPhone.ActiveCfg = Debug|Any CPU
		{DBBC34F0-5EB9-4C93-895D-D1CF1D646BB5}.Debug|iPhone.Build.0 = Debug|Any CPU
		{DBBC34F0-5EB9-4C93-895D-D1CF1D646BB5}.Debug|iPhoneSimulator.ActiveCfg = Debug|Any CPU
		{DBBC34F0-5EB9-4C93-895D-D1CF1D646BB5}.Debug|iPhoneSimulator.Build.0 = Debug|Any CPU
		{DBBC34F0-5EB9-4C93-895D-D1CF1D646BB5}.Release|Any CPU.ActiveCfg = Release|Any CPU
		{DBBC34F0-5EB9-4C93-895D-D1CF1D646BB5}.Release|Any CPU.Build.0 = Release|Any CPU
		{DBBC34F0-5EB9-4C93-895D-D1CF1D646BB5}.Release|iPhone.ActiveCfg = Release|Any CPU
		{DBBC34F0-5EB9-4C93-895D-D1CF1D646BB5}.Release|iPhone.Build.0 = Release|Any CPU
		{DBBC34F0-5EB9-4C93-895D-D1CF1D646BB5}.Release|iPhoneSimulator.ActiveCfg = Release|Any CPU
		{DBBC34F0-5EB9-4C93-895D-D1CF1D646BB5}.Release|iPhoneSimulator.Build.0 = Release|Any CPU
	EndGlobalSection
EndGlobal
